
Microsoft Visual Studio Solution File, Format Version 12.00
# Visual Studio Version 17
VisualStudioVersion = 17.14.36623.8 d17.14
MinimumVisualStudioVersion = 10.0.40219.1
Project("{FAE04EC0-301F-11D3-BF4B-00C04F79EFBC}") = "CoyoteUnknown", "CoyoteUnknown\CoyoteUnknown.csproj", "{F9DF62E4-35DC-4A28-80D7-B11FA0264598}"
EndProject
Global
	GlobalSection(SolutionConfigurationPlatforms) = preSolution
		Debug|Any CPU = Debug|Any CPU
		Release|Any CPU = Release|Any CPU
	EndGlobalSection
	GlobalSection(ProjectConfigurationPlatforms) = postSolution
		{F9DF62E4-35DC-4A28-80D7-B11FA0264598}.Debug|Any CPU.ActiveCfg = Debug|Any CPU
		{F9DF62E4-35DC-4A28-80D7-B11FA0264598}.Debug|Any CPU.Build.0 = Debug|Any CPU
		{F9DF62E4-35DC-4A28-80D7-B11FA0264598}.Release|Any CPU.ActiveCfg = Release|Any CPU
		{F9DF62E4-35DC-4A28-80D7-B11FA0264598}.Release|Any CPU.Build.0 = Release|Any CPU
	EndGlobalSection
	GlobalSection(SolutionProperties) = preSolution
		HideSolutionNode = FALSE
	EndGlobalSection
	GlobalSection(ExtensibilityGlobals) = postSolution
		SolutionGuid = {BF139584-6661-4E09-87BC-7B72600E2115}
	EndGlobalSection
EndGlobal
